dependencies:
- name: postgresql
  repository: https://charts.bitnami.com/bitnami
  version: 8.0.0
- name: prometheus-postgres-exporter
  repository: https://kubernetes-charts.storage.googleapis.com
  version: 1.3.0
- name: prometheus-operator
  repository: https://kubernetes-charts.storage.googleapis.com
  version: 8.13.14
- name: traefik
  repository: https://kubernetes-charts.storage.googleapis.com
  version: 1.86.2
- name: rabbitmq
  repository: https://charts.bitnami.com/bitnami
  version: 7.6.3
digest: sha256:cad17d02d044e575f2475b68472d10296d5f3b8afea984f5a378e89e4d897c7c
generated: "2020-08-23T12:55:56.451259391+03:00"
